
Microsoft Visual Studio Solution File, Format Version 12.00
# Visual Studio Version 17
VisualStudioVersion = 17.5.33414.496
MinimumVisualStudioVersion = 10.0.40219.1
Project("{FAE04EC0-301F-11D3-BF4B-00C04F79EFBC}") = "kp3", "kp3\kp3.csproj", "{F9752F17-349A-444A-BB69-7F4C59E87846}"
EndProject
Global
	GlobalSection(SolutionConfigurationPlatforms) = preSolution
		Debug|Any CPU = Debug|Any CPU
		Release|Any CPU = Release|Any CPU
	EndGlobalSection
	GlobalSection(ProjectConfigurationPlatforms) = postSolution
		{F9752F17-349A-444A-BB69-7F4C59E87846}.Debug|Any CPU.ActiveCfg = Debug|Any CPU
		{F9752F17-349A-444A-BB69-7F4C59E87846}.Debug|Any CPU.Build.0 = Debug|Any CPU
		{F9752F17-349A-444A-BB69-7F4C59E87846}.Release|Any CPU.ActiveCfg = Release|Any CPU
		{F9752F17-349A-444A-BB69-7F4C59E87846}.Release|Any CPU.Build.0 = Release|Any CPU
	EndGlobalSection
	GlobalSection(SolutionProperties) = preSolution
		HideSolutionNode = FALSE
	EndGlobalSection
	GlobalSection(ExtensibilityGlobals) = postSolution
		SolutionGuid = {71070A6D-0E79-42A7-BD92-5E517A29CA4C}
	EndGlobalSection
EndGlobal
